{
  "version": 4,
  "terraform_version": "1.3.3",
  "serial": 128,
  "lineage": "c5969394-cd21-e432-ff45-ed907e384a4f",
  "outputs": {},
  "resources": [
    {
      "module": "module.compute",
      "mode": "managed",
      "type": "azurerm_availability_set",
      "name": "availability_set",
      "provider": "provider[\"registry.terraform.io/hashicorp/azurerm\"]",
      "instances": [
        {
          "index_key": "app_availabilty_set",
          "schema_version": 0,
          "attributes": {
            "id": "/subscriptions/7ce19ec8-a6d2-4e78-bd7d-eddbc3806b77/resourceGroups/azure-stack/providers/Microsoft.Compute/availabilitySets/app_availabilty_set",
            "location": "centralindia",
            "managed": true,
            "name": "app_availabilty_set",
            "platform_fault_domain_count": 3,
            "platform_update_domain_count": 5,
            "proximity_placement_group_id": null,
            "resource_group_name": "azure-stack",
            "tags": null,
            "timeouts": null
          },
          "sensitive_attributes": [],
          "private": "eyJlMmJmYjczMC1lY2FhLTExZTYtOGY4OC0zNDM2M2JjN2M0YzAiOnsiY3JlYXRlIjoxODAwMDAwMDAwMDAwLCJkZWxldGUiOjE4MDAwMDAwMDAwMDAsInJlYWQiOjMwMDAwMDAwMDAwMCwidXBkYXRlIjoxODAwMDAwMDAwMDAwfX0=",
          "dependencies": [
            "module.resourcegroup.azurerm_resource_group.azure-stack-rs"
          ]
        },
        {
          "index_key": "web_availabilty_set",
          "schema_version": 0,
          "attributes": {
            "id": "/subscriptions/7ce19ec8-a6d2-4e78-bd7d-eddbc3806b77/resourceGroups/azure-stack/providers/Microsoft.Compute/availabilitySets/web_availabilty_set",
            "location": "centralindia",
            "managed": true,
            "name": "web_availabilty_set",
            "platform_fault_domain_count": 3,
            "platform_update_domain_count": 5,
            "proximity_placement_group_id": null,
            "resource_group_name": "azure-stack",
            "tags": null,
            "timeouts": null
          },
          "sensitive_attributes": [],
          "private": "eyJlMmJmYjczMC1lY2FhLTExZTYtOGY4OC0zNDM2M2JjN2M0YzAiOnsiY3JlYXRlIjoxODAwMDAwMDAwMDAwLCJkZWxldGUiOjE4MDAwMDAwMDAwMDAsInJlYWQiOjMwMDAwMDAwMDAwMCwidXBkYXRlIjoxODAwMDAwMDAwMDAwfX0=",
          "dependencies": [
            "module.resourcegroup.azurerm_resource_group.azure-stack-rs"
          ]
        }
      ]
    },
    {
      "module": "module.compute",
      "mode": "managed",
      "type": "azurerm_network_interface",
      "name": "network_interface",
      "provider": "provider[\"registry.terraform.io/hashicorp/azurerm\"]",
      "instances": [
        {
          "index_key": "app-vm",
          "schema_version": 0,
          "attributes": {
            "applied_dns_servers": [],
            "dns_servers": [],
            "edge_zone": "",
            "enable_accelerated_networking": false,
            "enable_ip_forwarding": false,
            "id": "/subscriptions/7ce19ec8-a6d2-4e78-bd7d-eddbc3806b77/resourceGroups/azure-stack/providers/Microsoft.Network/networkInterfaces/app-vm-network",
            "internal_dns_name_label": "",
            "internal_domain_name_suffix": "f4jiyzp41c4uve0bv4ymoyuyvh.rx.internal.cloudapp.net",
            "ip_configuration": [
              {
                "gateway_load_balancer_frontend_ip_configuration_id": "",
                "name": "app-vm-webserver",
                "primary": true,
                "private_ip_address": "192.168.2.4",
                "private_ip_address_allocation": "Dynamic",
                "private_ip_address_version": "IPv4",
                "public_ip_address_id": "",
                "subnet_id": "/subscriptions/7ce19ec8-a6d2-4e78-bd7d-eddbc3806b77/resourceGroups/azure-stack/providers/Microsoft.Network/virtualNetworks/vnet01/subnets/app-subnet"
              }
            ],
            "location": "centralindia",
            "mac_address": "",
            "name": "app-vm-network",
            "private_ip_address": "192.168.2.4",
            "private_ip_addresses": [
              "192.168.2.4"
            ],
            "resource_group_name": "azure-stack",
            "tags": null,
            "timeouts": null,
            "virtual_machine_id": ""
          },
          "sensitive_attributes": [],
          "private": "eyJlMmJmYjczMC1lY2FhLTExZTYtOGY4OC0zNDM2M2JjN2M0YzAiOnsiY3JlYXRlIjoxODAwMDAwMDAwMDAwLCJkZWxldGUiOjE4MDAwMDAwMDAwMDAsInJlYWQiOjMwMDAwMDAwMDAwMCwidXBkYXRlIjoxODAwMDAwMDAwMDAwfX0=",
          "dependencies": [
            "module.resourcegroup.azurerm_resource_group.azure-stack-rs"
          ]
        },
        {
          "index_key": "web-vm",
          "schema_version": 0,
          "attributes": {
            "applied_dns_servers": [],
            "dns_servers": [],
            "edge_zone": "",
            "enable_accelerated_networking": false,
            "enable_ip_forwarding": false,
            "id": "/subscriptions/7ce19ec8-a6d2-4e78-bd7d-eddbc3806b77/resourceGroups/azure-stack/providers/Microsoft.Network/networkInterfaces/web-vm-network",
            "internal_dns_name_label": "",
            "internal_domain_name_suffix": "f4jiyzp41c4uve0bv4ymoyuyvh.rx.internal.cloudapp.net",
            "ip_configuration": [
              {
                "gateway_load_balancer_frontend_ip_configuration_id": "",
                "name": "web-vm-webserver",
                "primary": true,
                "private_ip_address": "192.168.1.4",
                "private_ip_address_allocation": "Dynamic",
                "private_ip_address_version": "IPv4",
                "public_ip_address_id": "",
                "subnet_id": "/subscriptions/7ce19ec8-a6d2-4e78-bd7d-eddbc3806b77/resourceGroups/azure-stack/providers/Microsoft.Network/virtualNetworks/vnet01/subnets/web-subnet"
              }
            ],
            "location": "centralindia",
            "mac_address": "",
            "name": "web-vm-network",
            "private_ip_address": "192.168.1.4",
            "private_ip_addresses": [
              "192.168.1.4"
            ],
            "resource_group_name": "azure-stack",
            "tags": null,
            "timeouts": null,
            "virtual_machine_id": ""
          },
          "sensitive_attributes": [],
          "private": "eyJlMmJmYjczMC1lY2FhLTExZTYtOGY4OC0zNDM2M2JjN2M0YzAiOnsiY3JlYXRlIjoxODAwMDAwMDAwMDAwLCJkZWxldGUiOjE4MDAwMDAwMDAwMDAsInJlYWQiOjMwMDAwMDAwMDAwMCwidXBkYXRlIjoxODAwMDAwMDAwMDAwfX0=",
          "dependencies": [
            "module.resourcegroup.azurerm_resource_group.azure-stack-rs"
          ]
        }
      ]
    },
    {
      "module": "module.compute",
      "mode": "managed",
      "type": "azurerm_virtual_machine",
      "name": "virtual_machine",
      "provider": "provider[\"registry.terraform.io/hashicorp/azurerm\"]",
      "instances": [
        {
          "index_key": "app-vm",
          "schema_version": 0,
          "attributes": {
            "additional_capabilities": [],
            "availability_set_id": "/subscriptions/7ce19ec8-a6d2-4e78-bd7d-eddbc3806b77/resourcegroups/azure-stack/providers/microsoft.compute/availabilitysets/app_availabilty_set",
            "boot_diagnostics": [],
            "delete_data_disks_on_termination": false,
            "delete_os_disk_on_termination": true,
            "id": "/subscriptions/7ce19ec8-a6d2-4e78-bd7d-eddbc3806b77/resourceGroups/azure-stack/providers/Microsoft.Compute/virtualMachines/app-vm",
            "identity": [],
            "license_type": null,
            "location": "centralindia",
            "name": "app-vm",
            "network_interface_ids": [
              "/subscriptions/7ce19ec8-a6d2-4e78-bd7d-eddbc3806b77/resourceGroups/azure-stack/providers/Microsoft.Network/networkInterfaces/app-vm-network"
            ],
            "os_profile": [
              {
                "admin_password": "",
                "admin_username": "sysadmin",
                "computer_name": "app-vm",
                "custom_data": ""
              }
            ],
            "os_profile_linux_config": [
              {
                "disable_password_authentication": false,
                "ssh_keys": []
              }
            ],
            "os_profile_secrets": [],
            "os_profile_windows_config": [],
            "plan": [],
            "primary_network_interface_id": null,
            "proximity_placement_group_id": null,
            "resource_group_name": "azure-stack",
            "storage_data_disk": [],
            "storage_image_reference": [
              {
                "id": "",
                "offer": "UbuntuServer",
                "publisher": "Canonical",
                "sku": "18.04-LTS",
                "version": "latest"
              }
            ],
            "storage_os_disk": [
              {
                "caching": "ReadWrite",
                "create_option": "FromImage",
                "disk_size_gb": 30,
                "image_uri": "",
                "managed_disk_id": "/subscriptions/7ce19ec8-a6d2-4e78-bd7d-eddbc3806b77/resourceGroups/azure-stack/providers/Microsoft.Compute/disks/app-vm-disk",
                "managed_disk_type": "Standard_LRS",
                "name": "app-vm-disk",
                "os_type": "Linux",
                "vhd_uri": "",
                "write_accelerator_enabled": false
              }
            ],
            "tags": null,
            "timeouts": null,
            "vm_size": "Standard_A1_v2",
            "zones": null
          },
          "sensitive_attributes": [],
          "private": "eyJlMmJmYjczMC1lY2FhLTExZTYtOGY4OC0zNDM2M2JjN2M0YzAiOnsiY3JlYXRlIjozNjAwMDAwMDAwMDAwLCJkZWxldGUiOjM2MDAwMDAwMDAwMDAsInJlYWQiOjMwMDAwMDAwMDAwMCwidXBkYXRlIjozNjAwMDAwMDAwMDAwfX0=",
          "dependencies": [
            "module.compute.azurerm_availability_set.availability_set",
            "module.compute.azurerm_network_interface.network_interface",
            "module.resourcegroup.azurerm_resource_group.azure-stack-rs"
          ]
        },
        {
          "index_key": "web-vm",
          "schema_version": 0,
          "attributes": {
            "additional_capabilities": [],
            "availability_set_id": "/subscriptions/7ce19ec8-a6d2-4e78-bd7d-eddbc3806b77/resourcegroups/azure-stack/providers/microsoft.compute/availabilitysets/web_availabilty_set",
            "boot_diagnostics": [],
            "delete_data_disks_on_termination": false,
            "delete_os_disk_on_termination": true,
            "id": "/subscriptions/7ce19ec8-a6d2-4e78-bd7d-eddbc3806b77/resourceGroups/azure-stack/providers/Microsoft.Compute/virtualMachines/web-vm",
            "identity": [],
            "license_type": null,
            "location": "centralindia",
            "name": "web-vm",
            "network_interface_ids": [
              "/subscriptions/7ce19ec8-a6d2-4e78-bd7d-eddbc3806b77/resourceGroups/azure-stack/providers/Microsoft.Network/networkInterfaces/web-vm-network"
            ],
            "os_profile": [
              {
                "admin_password": "",
                "admin_username": "sysadmin",
                "computer_name": "web-vm",
                "custom_data": ""
              }
            ],
            "os_profile_linux_config": [
              {
                "disable_password_authentication": false,
                "ssh_keys": []
              }
            ],
            "os_profile_secrets": [],
            "os_profile_windows_config": [],
            "plan": [],
            "primary_network_interface_id": null,
            "proximity_placement_group_id": null,
            "resource_group_name": "azure-stack",
            "storage_data_disk": [],
            "storage_image_reference": [
              {
                "id": "",
                "offer": "UbuntuServer",
                "publisher": "Canonical",
                "sku": "18.04-LTS",
                "version": "latest"
              }
            ],
            "storage_os_disk": [
              {
                "caching": "ReadWrite",
                "create_option": "FromImage",
                "disk_size_gb": 30,
                "image_uri": "",
                "managed_disk_id": "/subscriptions/7ce19ec8-a6d2-4e78-bd7d-eddbc3806b77/resourceGroups/azure-stack/providers/Microsoft.Compute/disks/web-vm-disk",
                "managed_disk_type": "Standard_LRS",
                "name": "web-vm-disk",
                "os_type": "Linux",
                "vhd_uri": "",
                "write_accelerator_enabled": false
              }
            ],
            "tags": null,
            "timeouts": null,
            "vm_size": "Standard_A1_v2",
            "zones": null
          },
          "sensitive_attributes": [],
          "private": "eyJlMmJmYjczMC1lY2FhLTExZTYtOGY4OC0zNDM2M2JjN2M0YzAiOnsiY3JlYXRlIjozNjAwMDAwMDAwMDAwLCJkZWxldGUiOjM2MDAwMDAwMDAwMDAsInJlYWQiOjMwMDAwMDAwMDAwMCwidXBkYXRlIjozNjAwMDAwMDAwMDAwfX0=",
          "dependencies": [
            "module.compute.azurerm_availability_set.availability_set",
            "module.compute.azurerm_network_interface.network_interface",
            "module.resourcegroup.azurerm_resource_group.azure-stack-rs"
          ]
        }
      ]
    },
    {
      "module": "module.database",
      "mode": "managed",
      "type": "azurerm_sql_database",
      "name": "db",
      "provider": "provider[\"registry.terraform.io/hashicorp/azurerm\"]",
      "instances": [
        {
          "schema_version": 0,
          "attributes": {
            "collation": "SQL_Latin1_General_CP1_CI_AS",
            "create_mode": "Default",
            "creation_date": "2023-04-13T13:52:10.67Z",
            "default_secondary_location": "South India",
            "edition": "Standard",
            "elastic_pool_name": "",
            "encryption": "",
            "id": "/subscriptions/7ce19ec8-a6d2-4e78-bd7d-eddbc3806b77/resourceGroups/azure-stack/providers/Microsoft.Sql/servers/sql-primary-database/databases/db",
            "import": [],
            "location": "centralindia",
            "max_size_bytes": "268435456000",
            "max_size_gb": null,
            "name": "db",
            "read_scale": false,
            "requested_service_objective_id": "f1173c43-91bd-4aaa-973c-54e79e15235b",
            "requested_service_objective_name": "S0",
            "resource_group_name": "azure-stack",
            "restore_point_in_time": null,
            "server_name": "sql-primary-database",
            "source_database_deletion_date": null,
            "source_database_id": null,
            "tags": {},
            "threat_detection_policy": [
              {
                "disabled_alerts": [],
                "email_account_admins": "Disabled",
                "email_addresses": [],
                "retention_days": 0,
                "state": "Disabled",
                "storage_account_access_key": "",
                "storage_endpoint": ""
              }
            ],
            "timeouts": null,
            "zone_redundant": false
          },
          "sensitive_attributes": [],
          "private": "eyJlMmJmYjczMC1lY2FhLTExZTYtOGY4OC0zNDM2M2JjN2M0YzAiOnsiY3JlYXRlIjozNjAwMDAwMDAwMDAwLCJkZWxldGUiOjM2MDAwMDAwMDAwMDAsInJlYWQiOjMwMDAwMDAwMDAwMCwidXBkYXRlIjozNjAwMDAwMDAwMDAwfX0=",
          "dependencies": [
            "module.database.azurerm_sql_server.primary",
            "module.resourcegroup.azurerm_resource_group.azure-stack-rs"
          ]
        }
      ]
    },
    {
      "module": "module.database",
      "mode": "managed",
      "type": "azurerm_sql_server",
      "name": "primary",
      "provider": "provider[\"registry.terraform.io/hashicorp/azurerm\"]",
      "instances": [
        {
          "schema_version": 0,
          "attributes": {
            "administrator_login": "sqladmin",
            "administrator_login_password": "pa$$w0rd",
            "connection_policy": "Default",
            "fully_qualified_domain_name": "sql-primary-database.database.windows.net",
            "id": "/subscriptions/7ce19ec8-a6d2-4e78-bd7d-eddbc3806b77/resourceGroups/azure-stack/providers/Microsoft.Sql/servers/sql-primary-database",
            "identity": [],
            "location": "centralindia",
            "name": "sql-primary-database",
            "resource_group_name": "azure-stack",
            "tags": {},
            "threat_detection_policy": [
              {
                "disabled_alerts": [
                  ""
                ],
                "email_account_admins": false,
                "email_addresses": [
                  ""
                ],
                "retention_days": 0,
                "state": "Disabled",
                "storage_account_access_key": "",
                "storage_endpoint": ""
              }
            ],
            "timeouts": null,
            "version": "12.0"
          },
          "sensitive_attributes": [],
          "private": "eyJlMmJmYjczMC1lY2FhLTExZTYtOGY4OC0zNDM2M2JjN2M0YzAiOnsiY3JlYXRlIjozNjAwMDAwMDAwMDAwLCJkZWxldGUiOjM2MDAwMDAwMDAwMDAsInJlYWQiOjMwMDAwMDAwMDAwMCwidXBkYXRlIjozNjAwMDAwMDAwMDAwfX0=",
          "dependencies": [
            "module.resourcegroup.azurerm_resource_group.azure-stack-rs"
          ]
        }
      ]
    },
    {
      "module": "module.networking",
      "mode": "managed",
      "type": "azurerm_subnet",
      "name": "app-subnet",
      "provider": "provider[\"registry.terraform.io/hashicorp/azurerm\"]",
      "instances": [
        {
          "schema_version": 0,
          "attributes": {
            "address_prefixes": [
              "192.168.2.0/24"
            ],
            "delegation": [],
            "enforce_private_link_endpoint_network_policies": false,
            "enforce_private_link_service_network_policies": false,
            "id": "/subscriptions/7ce19ec8-a6d2-4e78-bd7d-eddbc3806b77/resourceGroups/azure-stack/providers/Microsoft.Network/virtualNetworks/vnet01/subnets/app-subnet",
            "name": "app-subnet",
            "private_endpoint_network_policies_enabled": true,
            "private_link_service_network_policies_enabled": true,
            "resource_group_name": "azure-stack",
            "service_endpoint_policy_ids": [],
            "service_endpoints": [],
            "timeouts": null,
            "virtual_network_name": "vnet01"
          },
          "sensitive_attributes": [],
          "private": "eyJlMmJmYjczMC1lY2FhLTExZTYtOGY4OC0zNDM2M2JjN2M0YzAiOnsiY3JlYXRlIjoxODAwMDAwMDAwMDAwLCJkZWxldGUiOjE4MDAwMDAwMDAwMDAsInJlYWQiOjMwMDAwMDAwMDAwMCwidXBkYXRlIjoxODAwMDAwMDAwMDAwfX0=",
          "dependencies": [
            "module.networking.azurerm_virtual_network.vnet01",
            "module.resourcegroup.azurerm_resource_group.azure-stack-rs"
          ]
        }
      ]
    },
    {
      "module": "module.networking",
      "mode": "managed",
      "type": "azurerm_subnet",
      "name": "db-subnet",
      "provider": "provider[\"registry.terraform.io/hashicorp/azurerm\"]",
      "instances": [
        {
          "schema_version": 0,
          "attributes": {
            "address_prefixes": [
              "192.168.3.0/24"
            ],
            "delegation": [],
            "enforce_private_link_endpoint_network_policies": false,
            "enforce_private_link_service_network_policies": false,
            "id": "/subscriptions/7ce19ec8-a6d2-4e78-bd7d-eddbc3806b77/resourceGroups/azure-stack/providers/Microsoft.Network/virtualNetworks/vnet01/subnets/db-subnet",
            "name": "db-subnet",
            "private_endpoint_network_policies_enabled": true,
            "private_link_service_network_policies_enabled": true,
            "resource_group_name": "azure-stack",
            "service_endpoint_policy_ids": [],
            "service_endpoints": [],
            "timeouts": null,
            "virtual_network_name": "vnet01"
          },
          "sensitive_attributes": [],
          "private": "eyJlMmJmYjczMC1lY2FhLTExZTYtOGY4OC0zNDM2M2JjN2M0YzAiOnsiY3JlYXRlIjoxODAwMDAwMDAwMDAwLCJkZWxldGUiOjE4MDAwMDAwMDAwMDAsInJlYWQiOjMwMDAwMDAwMDAwMCwidXBkYXRlIjoxODAwMDAwMDAwMDAwfX0=",
          "dependencies": [
            "module.networking.azurerm_virtual_network.vnet01",
            "module.resourcegroup.azurerm_resource_group.azure-stack-rs"
          ]
        }
      ]
    },
    {
      "module": "module.networking",
      "mode": "managed",
      "type": "azurerm_subnet",
      "name": "web-subnet",
      "provider": "provider[\"registry.terraform.io/hashicorp/azurerm\"]",
      "instances": [
        {
          "schema_version": 0,
          "attributes": {
            "address_prefixes": [
              "192.168.1.0/24"
            ],
            "delegation": [],
            "enforce_private_link_endpoint_network_policies": false,
            "enforce_private_link_service_network_policies": false,
            "id": "/subscriptions/7ce19ec8-a6d2-4e78-bd7d-eddbc3806b77/resourceGroups/azure-stack/providers/Microsoft.Network/virtualNetworks/vnet01/subnets/web-subnet",
            "name": "web-subnet",
            "private_endpoint_network_policies_enabled": true,
            "private_link_service_network_policies_enabled": true,
            "resource_group_name": "azure-stack",
            "service_endpoint_policy_ids": [],
            "service_endpoints": [],
            "timeouts": null,
            "virtual_network_name": "vnet01"
          },
          "sensitive_attributes": [],
          "private": "eyJlMmJmYjczMC1lY2FhLTExZTYtOGY4OC0zNDM2M2JjN2M0YzAiOnsiY3JlYXRlIjoxODAwMDAwMDAwMDAwLCJkZWxldGUiOjE4MDAwMDAwMDAwMDAsInJlYWQiOjMwMDAwMDAwMDAwMCwidXBkYXRlIjoxODAwMDAwMDAwMDAwfX0=",
          "dependencies": [
            "module.networking.azurerm_virtual_network.vnet01",
            "module.resourcegroup.azurerm_resource_group.azure-stack-rs"
          ]
        }
      ]
    },
    {
      "module": "module.networking",
      "mode": "managed",
      "type": "azurerm_virtual_network",
      "name": "vnet01",
      "provider": "provider[\"registry.terraform.io/hashicorp/azurerm\"]",
      "instances": [
        {
          "schema_version": 0,
          "attributes": {
            "address_space": [
              "192.168.0.0/16"
            ],
            "bgp_community": "",
            "ddos_protection_plan": [],
            "dns_servers": [],
            "edge_zone": "",
            "flow_timeout_in_minutes": 0,
            "guid": "658c922f-d8fe-4abd-9341-afb0c76298af",
            "id": "/subscriptions/7ce19ec8-a6d2-4e78-bd7d-eddbc3806b77/resourceGroups/azure-stack/providers/Microsoft.Network/virtualNetworks/vnet01",
            "location": "centralindia",
            "name": "vnet01",
            "resource_group_name": "azure-stack",
            "subnet": [
              {
                "address_prefix": "192.168.1.0/24",
                "id": "/subscriptions/7ce19ec8-a6d2-4e78-bd7d-eddbc3806b77/resourceGroups/azure-stack/providers/Microsoft.Network/virtualNetworks/vnet01/subnets/web-subnet",
                "name": "web-subnet",
                "security_group": "/subscriptions/7ce19ec8-a6d2-4e78-bd7d-eddbc3806b77/resourceGroups/azure-stack/providers/Microsoft.Network/networkSecurityGroups/web-nsg"
              },
              {
                "address_prefix": "192.168.2.0/24",
                "id": "/subscriptions/7ce19ec8-a6d2-4e78-bd7d-eddbc3806b77/resourceGroups/azure-stack/providers/Microsoft.Network/virtualNetworks/vnet01/subnets/app-subnet",
                "name": "app-subnet",
                "security_group": "/subscriptions/7ce19ec8-a6d2-4e78-bd7d-eddbc3806b77/resourceGroups/azure-stack/providers/Microsoft.Network/networkSecurityGroups/app-nsg"
              },
              {
                "address_prefix": "192.168.3.0/24",
                "id": "/subscriptions/7ce19ec8-a6d2-4e78-bd7d-eddbc3806b77/resourceGroups/azure-stack/providers/Microsoft.Network/virtualNetworks/vnet01/subnets/db-subnet",
                "name": "db-subnet",
                "security_group": "/subscriptions/7ce19ec8-a6d2-4e78-bd7d-eddbc3806b77/resourceGroups/azure-stack/providers/Microsoft.Network/networkSecurityGroups/db-nsg"
              }
            ],
            "tags": {},
            "timeouts": null
          },
          "sensitive_attributes": [],
          "private": "eyJlMmJmYjczMC1lY2FhLTExZTYtOGY4OC0zNDM2M2JjN2M0YzAiOnsiY3JlYXRlIjoxODAwMDAwMDAwMDAwLCJkZWxldGUiOjE4MDAwMDAwMDAwMDAsInJlYWQiOjMwMDAwMDAwMDAwMCwidXBkYXRlIjoxODAwMDAwMDAwMDAwfX0=",
          "dependencies": [
            "module.resourcegroup.azurerm_resource_group.azure-stack-rs"
          ]
        }
      ]
    },
    {
      "module": "module.resourcegroup",
      "mode": "managed",
      "type": "azurerm_resource_group",
      "name": "azure-stack-rs",
      "provider": "provider[\"registry.terraform.io/hashicorp/azurerm\"]",
      "instances": [
        {
          "schema_version": 0,
          "attributes": {
            "id": "/subscriptions/7ce19ec8-a6d2-4e78-bd7d-eddbc3806b77/resourceGroups/azure-stack",
            "location": "centralindia",
            "name": "azure-stack",
            "tags": {},
            "timeouts": null
          },
          "sensitive_attributes": [],
          "private": "eyJlMmJmYjczMC1lY2FhLTExZTYtOGY4OC0zNDM2M2JjN2M0YzAiOnsiY3JlYXRlIjo1NDAwMDAwMDAwMDAwLCJkZWxldGUiOjU0MDAwMDAwMDAwMDAsInJlYWQiOjMwMDAwMDAwMDAwMCwidXBkYXRlIjo1NDAwMDAwMDAwMDAwfX0="
        }
      ]
    },
    {
      "module": "module.securitygroup",
      "mode": "managed",
      "type": "azurerm_network_security_group",
      "name": "app-nsg",
      "provider": "provider[\"registry.terraform.io/hashicorp/azurerm\"]",
      "instances": [
        {
          "schema_version": 0,
          "attributes": {
            "id": "/subscriptions/7ce19ec8-a6d2-4e78-bd7d-eddbc3806b77/resourceGroups/azure-stack/providers/Microsoft.Network/networkSecurityGroups/app-nsg",
            "location": "centralindia",
            "name": "app-nsg",
            "resource_group_name": "azure-stack",
            "security_rule": [
              {
                "access": "Allow",
                "description": "",
                "destination_address_prefix": "*",
                "destination_address_prefixes": [],
                "destination_application_security_group_ids": [],
                "destination_port_range": "22",
                "destination_port_ranges": [],
                "direction": "Inbound",
                "name": "ssh-rule-1",
                "priority": 100,
                "protocol": "Tcp",
                "source_address_prefix": "192.168.1.0/24",
                "source_address_prefixes": [],
                "source_application_security_group_ids": [],
                "source_port_range": "*",
                "source_port_ranges": []
              },
              {
                "access": "Allow",
                "description": "",
                "destination_address_prefix": "*",
                "destination_address_prefixes": [],
                "destination_application_security_group_ids": [],
                "destination_port_range": "22",
                "destination_port_ranges": [],
                "direction": "Outbound",
                "name": "ssh-rule-2",
                "priority": 101,
                "protocol": "Tcp",
                "source_address_prefix": "192.168.1.0/24",
                "source_address_prefixes": [],
                "source_application_security_group_ids": [],
                "source_port_range": "*",
                "source_port_ranges": []
              }
            ],
            "tags": {},
            "timeouts": null
          },
          "sensitive_attributes": [],
          "private": "eyJlMmJmYjczMC1lY2FhLTExZTYtOGY4OC0zNDM2M2JjN2M0YzAiOnsiY3JlYXRlIjoxODAwMDAwMDAwMDAwLCJkZWxldGUiOjE4MDAwMDAwMDAwMDAsInJlYWQiOjMwMDAwMDAwMDAwMCwidXBkYXRlIjoxODAwMDAwMDAwMDAwfX0=",
          "dependencies": [
            "module.resourcegroup.azurerm_resource_group.azure-stack-rs"
          ]
        }
      ]
    },
    {
      "module": "module.securitygroup",
      "mode": "managed",
      "type": "azurerm_network_security_group",
      "name": "db-nsg",
      "provider": "provider[\"registry.terraform.io/hashicorp/azurerm\"]",
      "instances": [
        {
          "schema_version": 0,
          "attributes": {
            "id": "/subscriptions/7ce19ec8-a6d2-4e78-bd7d-eddbc3806b77/resourceGroups/azure-stack/providers/Microsoft.Network/networkSecurityGroups/db-nsg",
            "location": "centralindia",
            "name": "db-nsg",
            "resource_group_name": "azure-stack",
            "security_rule": [
              {
                "access": "Allow",
                "description": "",
                "destination_address_prefix": "*",
                "destination_address_prefixes": [],
                "destination_application_security_group_ids": [],
                "destination_port_range": "3306",
                "destination_port_ranges": [],
                "direction": "Inbound",
                "name": "ssh-rule-1",
                "priority": 101,
                "protocol": "Tcp",
                "source_address_prefix": "192.168.2.0/24",
                "source_address_prefixes": [],
                "source_application_security_group_ids": [],
                "source_port_range": "*",
                "source_port_ranges": []
              },
              {
                "access": "Allow",
                "description": "",
                "destination_address_prefix": "*",
                "destination_address_prefixes": [],
                "destination_application_security_group_ids": [],
                "destination_port_range": "3306",
                "destination_port_ranges": [],
                "direction": "Outbound",
                "name": "ssh-rule-2",
                "priority": 102,
                "protocol": "Tcp",
                "source_address_prefix": "192.168.2.0/24",
                "source_address_prefixes": [],
                "source_application_security_group_ids": [],
                "source_port_range": "*",
                "source_port_ranges": []
              },
              {
                "access": "Deny",
                "description": "",
                "destination_address_prefix": "*",
                "destination_address_prefixes": [],
                "destination_application_security_group_ids": [],
                "destination_port_range": "3306",
                "destination_port_ranges": [],
                "direction": "Outbound",
                "name": "ssh-rule-3",
                "priority": 100,
                "protocol": "Tcp",
                "source_address_prefix": "192.168.1.0/24",
                "source_address_prefixes": [],
                "source_application_security_group_ids": [],
                "source_port_range": "*",
                "source_port_ranges": []
              }
            ],
            "tags": {},
            "timeouts": null
          },
          "sensitive_attributes": [],
          "private": "eyJlMmJmYjczMC1lY2FhLTExZTYtOGY4OC0zNDM2M2JjN2M0YzAiOnsiY3JlYXRlIjoxODAwMDAwMDAwMDAwLCJkZWxldGUiOjE4MDAwMDAwMDAwMDAsInJlYWQiOjMwMDAwMDAwMDAwMCwidXBkYXRlIjoxODAwMDAwMDAwMDAwfX0=",
          "dependencies": [
            "module.resourcegroup.azurerm_resource_group.azure-stack-rs"
          ]
        }
      ]
    },
    {
      "module": "module.securitygroup",
      "mode": "managed",
      "type": "azurerm_network_security_group",
      "name": "web-nsg",
      "provider": "provider[\"registry.terraform.io/hashicorp/azurerm\"]",
      "instances": [
        {
          "schema_version": 0,
          "attributes": {
            "id": "/subscriptions/7ce19ec8-a6d2-4e78-bd7d-eddbc3806b77/resourceGroups/azure-stack/providers/Microsoft.Network/networkSecurityGroups/web-nsg",
            "location": "centralindia",
            "name": "web-nsg",
            "resource_group_name": "azure-stack",
            "security_rule": [
              {
                "access": "Allow",
                "description": "",
                "destination_address_prefix": "*",
                "destination_address_prefixes": [],
                "destination_application_security_group_ids": [],
                "destination_port_range": "22",
                "destination_port_ranges": [],
                "direction": "Inbound",
                "name": "ssh-rule-1",
                "priority": 101,
                "protocol": "Tcp",
                "source_address_prefix": "*",
                "source_address_prefixes": [],
                "source_application_security_group_ids": [],
                "source_port_range": "*",
                "source_port_ranges": []
              },
              {
                "access": "Deny",
                "description": "",
                "destination_address_prefix": "*",
                "destination_address_prefixes": [],
                "destination_application_security_group_ids": [],
                "destination_port_range": "22",
                "destination_port_ranges": [],
                "direction": "Inbound",
                "name": "ssh-rule-2",
                "priority": 100,
                "protocol": "Tcp",
                "source_address_prefix": "192.168.3.0/24",
                "source_address_prefixes": [],
                "source_application_security_group_ids": [],
                "source_port_range": "*",
                "source_port_ranges": []
              }
            ],
            "tags": {},
            "timeouts": null
          },
          "sensitive_attributes": [],
          "private": "eyJlMmJmYjczMC1lY2FhLTExZTYtOGY4OC0zNDM2M2JjN2M0YzAiOnsiY3JlYXRlIjoxODAwMDAwMDAwMDAwLCJkZWxldGUiOjE4MDAwMDAwMDAwMDAsInJlYWQiOjMwMDAwMDAwMDAwMCwidXBkYXRlIjoxODAwMDAwMDAwMDAwfX0=",
          "dependencies": [
            "module.resourcegroup.azurerm_resource_group.azure-stack-rs"
          ]
        }
      ]
    },
    {
      "module": "module.securitygroup",
      "mode": "managed",
      "type": "azurerm_subnet_network_security_group_association",
      "name": "app-nsg-subnet",
      "provider": "provider[\"registry.terraform.io/hashicorp/azurerm\"]",
      "instances": [
        {
          "schema_version": 0,
          "attributes": {
            "id": "/subscriptions/7ce19ec8-a6d2-4e78-bd7d-eddbc3806b77/resourceGroups/azure-stack/providers/Microsoft.Network/virtualNetworks/vnet01/subnets/app-subnet",
            "network_security_group_id": "/subscriptions/7ce19ec8-a6d2-4e78-bd7d-eddbc3806b77/resourceGroups/azure-stack/providers/Microsoft.Network/networkSecurityGroups/app-nsg",
            "subnet_id": "/subscriptions/7ce19ec8-a6d2-4e78-bd7d-eddbc3806b77/resourceGroups/azure-stack/providers/Microsoft.Network/virtualNetworks/vnet01/subnets/app-subnet",
            "timeouts": null
          },
          "sensitive_attributes": [],
          "private": "eyJlMmJmYjczMC1lY2FhLTExZTYtOGY4OC0zNDM2M2JjN2M0YzAiOnsiY3JlYXRlIjoxODAwMDAwMDAwMDAwLCJkZWxldGUiOjE4MDAwMDAwMDAwMDAsInJlYWQiOjMwMDAwMDAwMDAwMCwidXBkYXRlIjoxODAwMDAwMDAwMDAwfX0=",
          "dependencies": [
            "module.networking.azurerm_subnet.app-subnet",
            "module.networking.azurerm_virtual_network.vnet01",
            "module.resourcegroup.azurerm_resource_group.azure-stack-rs",
            "module.securitygroup.azurerm_network_security_group.app-nsg"
          ]
        }
      ]
    },
    {
      "module": "module.securitygroup",
      "mode": "managed",
      "type": "azurerm_subnet_network_security_group_association",
      "name": "db-nsg-subnet",
      "provider": "provider[\"registry.terraform.io/hashicorp/azurerm\"]",
      "instances": [
        {
          "schema_version": 0,
          "attributes": {
            "id": "/subscriptions/7ce19ec8-a6d2-4e78-bd7d-eddbc3806b77/resourceGroups/azure-stack/providers/Microsoft.Network/virtualNetworks/vnet01/subnets/db-subnet",
            "network_security_group_id": "/subscriptions/7ce19ec8-a6d2-4e78-bd7d-eddbc3806b77/resourceGroups/azure-stack/providers/Microsoft.Network/networkSecurityGroups/db-nsg",
            "subnet_id": "/subscriptions/7ce19ec8-a6d2-4e78-bd7d-eddbc3806b77/resourceGroups/azure-stack/providers/Microsoft.Network/virtualNetworks/vnet01/subnets/db-subnet",
            "timeouts": null
          },
          "sensitive_attributes": [],
          "private": "eyJlMmJmYjczMC1lY2FhLTExZTYtOGY4OC0zNDM2M2JjN2M0YzAiOnsiY3JlYXRlIjoxODAwMDAwMDAwMDAwLCJkZWxldGUiOjE4MDAwMDAwMDAwMDAsInJlYWQiOjMwMDAwMDAwMDAwMCwidXBkYXRlIjoxODAwMDAwMDAwMDAwfX0=",
          "dependencies": [
            "module.networking.azurerm_subnet.db-subnet",
            "module.networking.azurerm_virtual_network.vnet01",
            "module.resourcegroup.azurerm_resource_group.azure-stack-rs",
            "module.securitygroup.azurerm_network_security_group.db-nsg"
          ]
        }
      ]
    },
    {
      "module": "module.securitygroup",
      "mode": "managed",
      "type": "azurerm_subnet_network_security_group_association",
      "name": "web-nsg-subnet",
      "provider": "provider[\"registry.terraform.io/hashicorp/azurerm\"]",
      "instances": [
        {
          "schema_version": 0,
          "attributes": {
            "id": "/subscriptions/7ce19ec8-a6d2-4e78-bd7d-eddbc3806b77/resourceGroups/azure-stack/providers/Microsoft.Network/virtualNetworks/vnet01/subnets/web-subnet",
            "network_security_group_id": "/subscriptions/7ce19ec8-a6d2-4e78-bd7d-eddbc3806b77/resourceGroups/azure-stack/providers/Microsoft.Network/networkSecurityGroups/web-nsg",
            "subnet_id": "/subscriptions/7ce19ec8-a6d2-4e78-bd7d-eddbc3806b77/resourceGroups/azure-stack/providers/Microsoft.Network/virtualNetworks/vnet01/subnets/web-subnet",
            "timeouts": null
          },
          "sensitive_attributes": [],
          "private": "eyJlMmJmYjczMC1lY2FhLTExZTYtOGY4OC0zNDM2M2JjN2M0YzAiOnsiY3JlYXRlIjoxODAwMDAwMDAwMDAwLCJkZWxldGUiOjE4MDAwMDAwMDAwMDAsInJlYWQiOjMwMDAwMDAwMDAwMCwidXBkYXRlIjoxODAwMDAwMDAwMDAwfX0=",
          "dependencies": [
            "module.networking.azurerm_subnet.web-subnet",
            "module.networking.azurerm_virtual_network.vnet01",
            "module.resourcegroup.azurerm_resource_group.azure-stack-rs",
            "module.securitygroup.azurerm_network_security_group.web-nsg"
          ]
        }
      ]
    }
  ],
  "check_results": []
}
